{
  "name": "discount-medicine",
  "version": "1.0.0",
  "lockfileVersion": 2,
  "requires": true,
  "packages": {
    "": {
      "name": "discount-medicine",
      "version": "1.0.0",
      "license": "MIT",
      "dependencies": {
        "calculatepricevat": "^1.0.1"
      }
    },
    "node_modules/calculatepricevat": {
      "version": "1.0.1",
      "resolved": "https://registry.npmjs.org/calculatepricevat/-/calculatepricevat-1.0.1.tgz",
      "integrity": "sha512-+2LV7wU/vPwVCop9/cJXaFPOka+BFTOtyqu4TIX8leTutm+VaaPQqDOqYL9KwgzgWFxa816lBdJMLpr03x8xrQ=="
    }
  },
  "dependencies": {
    "calculatepricevat": {
      "version": "1.0.1",
      "resolved": "https://registry.npmjs.org/calculatepricevat/-/calculatepricevat-1.0.1.tgz",
      "integrity": "sha512-+2LV7wU/vPwVCop9/cJXaFPOka+BFTOtyqu4TIX8leTutm+VaaPQqDOqYL9KwgzgWFxa816lBdJMLpr03x8xrQ=="
    }
  }
}
